
Microsoft Visual Studio Solution File, Format Version 12.00
# Visual Studio Version 16
VisualStudioVersion = 16.0.29926.136
MinimumVisualStudioVersion = 10.0.40219.1
Project("{FAE04EC0-301F-11D3-BF4B-00C04F79EFBC}") = "avance.Android", "avance\avance.Android\avance.Android.csproj", "{9B9EE74F-94FF-422A-A2CB-2C2A961584F7}"
EndProject
Project("{FAE04EC0-301F-11D3-BF4B-00C04F79EFBC}") = "avance.iOS", "avance\avance.iOS\avance.iOS.csproj", "{9A346285-431F-410B-BF8B-971A11E22D3B}"
EndProject
Project("{FAE04EC0-301F-11D3-BF4B-00C04F79EFBC}") = "avance", "avance\avance\avance.csproj", "{221DD733-7689-405C-BF5F-5A387440C119}"
EndProject
Global
	GlobalSection(SolutionConfigurationPlatforms) = preSolution
		Debug|Any CPU = Debug|Any CPU
		Debug|iPhone = Debug|iPhone
		Debug|iPhoneSimulator = Debug|iPhoneSimulator
		Release|Any CPU = Release|Any CPU
		Release|iPhone = Release|iPhone
		Release|iPhoneSimulator = Release|iPhoneSimulator
	EndGlobalSection
	GlobalSection(ProjectConfigurationPlatforms) = postSolution
		{9B9EE74F-94FF-422A-A2CB-2C2A961584F7}.Debug|Any CPU.ActiveCfg = Debug|Any CPU
		{9B9EE74F-94FF-422A-A2CB-2C2A961584F7}.Debug|Any CPU.Build.0 = Debug|Any CPU
		{9B9EE74F-94FF-422A-A2CB-2C2A961584F7}.Debug|Any CPU.Deploy.0 = Debug|Any CPU
		{9B9EE74F-94FF-422A-A2CB-2C2A961584F7}.Debug|iPhone.ActiveCfg = Debug|Any CPU
		{9B9EE74F-94FF-422A-A2CB-2C2A961584F7}.Debug|iPhone.Build.0 = Debug|Any CPU
		{9B9EE74F-94FF-422A-A2CB-2C2A961584F7}.Debug|iPhone.Deploy.0 = Debug|Any CPU
		{9B9EE74F-94FF-422A-A2CB-2C2A961584F7}.Debug|iPhoneSimulator.ActiveCfg = Debug|Any CPU
		{9B9EE74F-94FF-422A-A2CB-2C2A961584F7}.Debug|iPhoneSimulator.Build.0 = Debug|Any CPU
		{9B9EE74F-94FF-422A-A2CB-2C2A961584F7}.Debug|iPhoneSimulator.Deploy.0 = Debug|Any CPU
		{9B9EE74F-94FF-422A-A2CB-2C2A961584F7}.Release|Any CPU.ActiveCfg = Release|Any CPU
		{9B9EE74F-94FF-422A-A2CB-2C2A961584F7}.Release|Any CPU.Build.0 = Release|Any CPU
		{9B9EE74F-94FF-422A-A2CB-2C2A961584F7}.Release|Any CPU.Deploy.0 = Release|Any CPU
		{9B9EE74F-94FF-422A-A2CB-2C2A961584F7}.Release|iPhone.ActiveCfg = Release|Any CPU
		{9B9EE74F-94FF-422A-A2CB-2C2A961584F7}.Release|iPhone.Build.0 = Release|Any CPU
		{9B9EE74F-94FF-422A-A2CB-2C2A961584F7}.Release|iPhone.Deploy.0 = Release|Any CPU
		{9B9EE74F-94FF-422A-A2CB-2C2A961584F7}.Release|iPhoneSimulator.ActiveCfg = Release|Any CPU
		{9B9EE74F-94FF-422A-A2CB-2C2A961584F7}.Release|iPhoneSimulator.Build.0 = Release|Any CPU
		{9B9EE74F-94FF-422A-A2CB-2C2A961584F7}.Release|iPhoneSimulator.Deploy.0 = Release|Any CPU
		{9A346285-431F-410B-BF8B-971A11E22D3B}.Debug|Any CPU.ActiveCfg = Debug|iPhone
		{9A346285-431F-410B-BF8B-971A11E22D3B}.Debug|Any CPU.Build.0 = Debug|iPhone
		{9A346285-431F-410B-BF8B-971A11E22D3B}.Debug|Any CPU.Deploy.0 = Debug|iPhone
		{9A346285-431F-410B-BF8B-971A11E22D3B}.Debug|iPhone.ActiveCfg = Debug|iPhone
		{9A346285-431F-410B-BF8B-971A11E22D3B}.Debug|iPhone.Build.0 = Debug|iPhone
		{9A346285-431F-410B-BF8B-971A11E22D3B}.Debug|iPhone.Deploy.0 = Debug|iPhone
		{9A346285-431F-410B-BF8B-971A11E22D3B}.Debug|iPhoneSimulator.ActiveCfg = Debug|iPhoneSimulator
		{9A346285-431F-410B-BF8B-971A11E22D3B}.Debug|iPhoneSimulator.Build.0 = Debug|iPhoneSimulator
		{9A346285-431F-410B-BF8B-971A11E22D3B}.Debug|iPhoneSimulator.Deploy.0 = Debug|iPhoneSimulator
		{9A346285-431F-410B-BF8B-971A11E22D3B}.Release|Any CPU.ActiveCfg = Release|iPhone
		{9A346285-431F-410B-BF8B-971A11E22D3B}.Release|Any CPU.Build.0 = Release|iPhone
		{9A346285-431F-410B-BF8B-971A11E22D3B}.Release|Any CPU.Deploy.0 = Release|iPhone
		{9A346285-431F-410B-BF8B-971A11E22D3B}.Release|iPhone.ActiveCfg = Release|iPhone
		{9A346285-431F-410B-BF8B-971A11E22D3B}.Release|iPhone.Build.0 = Release|iPhone
		{9A346285-431F-410B-BF8B-971A11E22D3B}.Release|iPhone.Deploy.0 = Release|iPhone
		{9A346285-431F-410B-BF8B-971A11E22D3B}.Release|iPhoneSimulator.ActiveCfg = Release|iPhoneSimulator
		{9A346285-431F-410B-BF8B-971A11E22D3B}.Release|iPhoneSimulator.Build.0 = Release|iPhoneSimulator
		{9A346285-431F-410B-BF8B-971A11E22D3B}.Release|iPhoneSimulator.Deploy.0 = Release|iPhoneSimulator
		{221DD733-7689-405C-BF5F-5A387440C119}.Debug|Any CPU.ActiveCfg = Debug|Any CPU
		{221DD733-7689-405C-BF5F-5A387440C119}.Debug|Any CPU.Build.0 = Debug|Any CPU
		{221DD733-7689-405C-BF5F-5A387440C119}.Debug|Any CPU.Deploy.0 = Debug|Any CPU
		{221DD733-7689-405C-BF5F-5A387440C119}.Debug|iPhone.ActiveCfg = Debug|Any CPU
		{221DD733-7689-405C-BF5F-5A387440C119}.Debug|iPhone.Build.0 = Debug|Any CPU
		{221DD733-7689-405C-BF5F-5A387440C119}.Debug|iPhone.Deploy.0 = Debug|Any CPU
		{221DD733-7689-405C-BF5F-5A387440C119}.Debug|iPhoneSimulator.ActiveCfg = Debug|Any CPU
		{221DD733-7689-405C-BF5F-5A387440C119}.Debug|iPhoneSimulator.Build.0 = Debug|Any CPU
		{221DD733-7689-405C-BF5F-5A387440C119}.Debug|iPhoneSimulator.Deploy.0 = Debug|Any CPU
		{221DD733-7689-405C-BF5F-5A387440C119}.Release|Any CPU.ActiveCfg = Release|Any CPU
		{221DD733-7689-405C-BF5F-5A387440C119}.Release|Any CPU.Build.0 = Release|Any CPU
		{221DD733-7689-405C-BF5F-5A387440C119}.Release|Any CPU.Deploy.0 = Release|Any CPU
		{221DD733-7689-405C-BF5F-5A387440C119}.Release|iPhone.ActiveCfg = Release|Any CPU
		{221DD733-7689-405C-BF5F-5A387440C119}.Release|iPhone.Build.0 = Release|Any CPU
		{221DD733-7689-405C-BF5F-5A387440C119}.Release|iPhone.Deploy.0 = Release|Any CPU
		{221DD733-7689-405C-BF5F-5A387440C119}.Release|iPhoneSimulator.ActiveCfg = Release|Any CPU
		{221DD733-7689-405C-BF5F-5A387440C119}.Release|iPhoneSimulator.Build.0 = Release|Any CPU
		{221DD733-7689-405C-BF5F-5A387440C119}.Release|iPhoneSimulator.Deploy.0 = Release|Any CPU
	EndGlobalSection
	GlobalSection(SolutionProperties) = preSolution
		HideSolutionNode = FALSE
	EndGlobalSection
	GlobalSection(ExtensibilityGlobals) = postSolution
		SolutionGuid = {2222C19F-7C1B-4662-BF06-FFFD18A441A3}
	EndGlobalSection
EndGlobal
